
Microsoft Visual Studio Solution File, Format Version 12.00
# Visual Studio Version 17
VisualStudioVersion = 17.7.34031.279
MinimumVisualStudioVersion = 10.0.40219.1
Project("{FAE04EC0-301F-11D3-BF4B-00C04F79EFBC}") = "6 model 2 zd", "6 model 2 zd\6 model 2 zd.csproj", "{0F06EF68-EA35-4312-84AE-95E4D9180601}"
EndProject
Global
	GlobalSection(SolutionConfigurationPlatforms) = preSolution
		Debug|Any CPU = Debug|Any CPU
		Release|Any CPU = Release|Any CPU
	EndGlobalSection
	GlobalSection(ProjectConfigurationPlatforms) = postSolution
		{0F06EF68-EA35-4312-84AE-95E4D9180601}.Debug|Any CPU.ActiveCfg = Debug|Any CPU
		{0F06EF68-EA35-4312-84AE-95E4D9180601}.Debug|Any CPU.Build.0 = Debug|Any CPU
		{0F06EF68-EA35-4312-84AE-95E4D9180601}.Release|Any CPU.ActiveCfg = Release|Any CPU
		{0F06EF68-EA35-4312-84AE-95E4D9180601}.Release|Any CPU.Build.0 = Release|Any CPU
	EndGlobalSection
	GlobalSection(SolutionProperties) = preSolution
		HideSolutionNode = FALSE
	EndGlobalSection
	GlobalSection(ExtensibilityGlobals) = postSolution
		SolutionGuid = {DCB29FE5-3700-4D3C-A259-3DF14F2C239D}
	EndGlobalSection
EndGlobal
